
Microsoft Visual Studio Solution File, Format Version 12.00
# Visual Studio Version 17
VisualStudioVersion = 17.12.35527.113
MinimumVisualStudioVersion = 10.0.40219.1
Project("{FAE04EC0-301F-11D3-BF4B-00C04F79EFBC}") = "fiap.gerenciador-trafego", "fiap.gerenciador-trafego.csproj", "{291AB969-7A68-4E81-8DC2-249979B07CBD}"
EndProject
Project("{FAE04EC0-301F-11D3-BF4B-00C04F79EFBC}") = "fiap.gerenciador-trafego.test", "..\fiap.gerenciador-trafego.test\fiap.gerenciador-trafego.test.csproj", "{EEAA3180-D2D3-4203-A427-CBD2B5A0B560}"
EndProject
Global
	GlobalSection(SolutionConfigurationPlatforms) = preSolution
		Debug|Any CPU = Debug|Any CPU
		Release|Any CPU = Release|Any CPU
	EndGlobalSection
	GlobalSection(ProjectConfigurationPlatforms) = postSolution
		{291AB969-7A68-4E81-8DC2-249979B07CBD}.Debug|Any CPU.ActiveCfg = Debug|Any CPU
		{291AB969-7A68-4E81-8DC2-249979B07CBD}.Debug|Any CPU.Build.0 = Debug|Any CPU
		{291AB969-7A68-4E81-8DC2-249979B07CBD}.Release|Any CPU.ActiveCfg = Release|Any CPU
		{291AB969-7A68-4E81-8DC2-249979B07CBD}.Release|Any CPU.Build.0 = Release|Any CPU
		{EEAA3180-D2D3-4203-A427-CBD2B5A0B560}.Debug|Any CPU.ActiveCfg = Debug|Any CPU
		{EEAA3180-D2D3-4203-A427-CBD2B5A0B560}.Debug|Any CPU.Build.0 = Debug|Any CPU
		{EEAA3180-D2D3-4203-A427-CBD2B5A0B560}.Release|Any CPU.ActiveCfg = Release|Any CPU
		{EEAA3180-D2D3-4203-A427-CBD2B5A0B560}.Release|Any CPU.Build.0 = Release|Any CPU
	EndGlobalSection
	GlobalSection(SolutionProperties) = preSolution
		HideSolutionNode = FALSE
	EndGlobalSection
EndGlobal
